
Microsoft Visual Studio Solution File, Format Version 12.00
# Visual Studio Version 17
VisualStudioVersion = 17.2.32519.379
MinimumVisualStudioVersion = 10.0.40219.1
Project("{9A19103F-16F7-4668-BE54-9A1E7A4F7556}") = "Web", "Web\Web.csproj", "{0F001C15-9B80-475A-B12B-097463A1C12F}"
	ProjectSection(ProjectDependencies) = postProject
		{210C26DD-5986-4BD5-8E36-505F320BAC0C} = {210C26DD-5986-4BD5-8E36-505F320BAC0C}
		{CDD49711-6376-4BFE-84EA-F5B0C12FF1C3} = {CDD49711-6376-4BFE-84EA-F5B0C12FF1C3}
	EndProjectSection
EndProject
Project("{9A19103F-16F7-4668-BE54-9A1E7A4F7556}") = "BackEnd", "BackEnd\BackEnd.csproj", "{CDD49711-6376-4BFE-84EA-F5B0C12FF1C3}"
	ProjectSection(ProjectDependencies) = postProject
		{210C26DD-5986-4BD5-8E36-505F320BAC0C} = {210C26DD-5986-4BD5-8E36-505F320BAC0C}
	EndProjectSection
EndProject
Project("{9A19103F-16F7-4668-BE54-9A1E7A4F7556}") = "Core", "Core\Core.csproj", "{210C26DD-5986-4BD5-8E36-505F320BAC0C}"
EndProject
Global
	GlobalSection(SolutionConfigurationPlatforms) = preSolution
		Debug|Any CPU = Debug|Any CPU
		Release|Any CPU = Release|Any CPU
	EndGlobalSection
	GlobalSection(ProjectConfigurationPlatforms) = postSolution
		{0F001C15-9B80-475A-B12B-097463A1C12F}.Debug|Any CPU.ActiveCfg = Debug|Any CPU
		{0F001C15-9B80-475A-B12B-097463A1C12F}.Debug|Any CPU.Build.0 = Debug|Any CPU
		{0F001C15-9B80-475A-B12B-097463A1C12F}.Release|Any CPU.ActiveCfg = Release|Any CPU
		{0F001C15-9B80-475A-B12B-097463A1C12F}.Release|Any CPU.Build.0 = Release|Any CPU
		{CDD49711-6376-4BFE-84EA-F5B0C12FF1C3}.Debug|Any CPU.ActiveCfg = Debug|Any CPU
		{CDD49711-6376-4BFE-84EA-F5B0C12FF1C3}.Debug|Any CPU.Build.0 = Debug|Any CPU
		{CDD49711-6376-4BFE-84EA-F5B0C12FF1C3}.Release|Any CPU.ActiveCfg = Release|Any CPU
		{CDD49711-6376-4BFE-84EA-F5B0C12FF1C3}.Release|Any CPU.Build.0 = Release|Any CPU
		{210C26DD-5986-4BD5-8E36-505F320BAC0C}.Debug|Any CPU.ActiveCfg = Debug|Any CPU
		{210C26DD-5986-4BD5-8E36-505F320BAC0C}.Debug|Any CPU.Build.0 = Debug|Any CPU
		{210C26DD-5986-4BD5-8E36-505F320BAC0C}.Release|Any CPU.ActiveCfg = Release|Any CPU
		{210C26DD-5986-4BD5-8E36-505F320BAC0C}.Release|Any CPU.Build.0 = Release|Any CPU
	EndGlobalSection
	GlobalSection(SolutionProperties) = preSolution
		HideSolutionNode = FALSE
	EndGlobalSection
	GlobalSection(ExtensibilityGlobals) = postSolution
		SolutionGuid = {12FFDD62-138E-444D-B822-258576779F0E}
	EndGlobalSection
EndGlobal
